<?xml version="1.0" encoding="utf-8"?>
<Project ToolsVersion="4.0" xmlns="http://schemas.microsoft.com/developer/msbuild/2003">
  <ItemGroup>
    <Filter Include="Source Files">
      <UniqueIdentifier>{4FC737F1-C7A5-4376-A066-2A32D752A2FF}</UniqueIdentifier>
      <Extensions>cpp;c;cc;cxx;c++;def;odl;idl;hpj;bat;asm;asmx</Extensions>
    </Filter>
    <Filter Include="Header Files">
      <UniqueIdentifier>{93995380-89BD-4b04-88EB-625FBE52EBFB}</UniqueIdentifier>
      <Extensions>h;hh;hpp;hxx;h++;hm;inl;inc;ipp;xsd</Extensions>
    </Filter>
    <Filter Include="Resource Files">
      <UniqueIdentifier>{67DA6AB6-F800-4c08-8B7A-83BB121AAD01}</UniqueIdentifier>
      <Extensions>rc;ico;cur;bmp;dlg;rc2;rct;bin;rgs;gif;jpg;jpeg;jpe;resx;tiff;tif;png;wav;mfcribbon-ms</Extensions>
    </Filter>
    <Filter Include="QMLs">
      <UniqueIdentifier>{02c84904-c168-4d3b-8891-6d4d52f97862}</UniqueIdentifier>
    </Filter>
    <Filter Include="Header Files\Types">
      <UniqueIdentifier>{4c347936-f9fe-40ff-944b-0cfc9ace21cd}</UniqueIdentifier>
    </Filter>
    <Filter Include="Header Files\Pipeline Modules">
      <UniqueIdentifier>{3e79e2b7-fa86-42bf-9849-c4b7bde3159a}</UniqueIdentifier>
    </Filter>
    <Filter Include="Header Files\Complementary">
      <UniqueIdentifier>{629042c7-ce0e-4911-a53b-17a84d9c5058}</UniqueIdentifier>
    </Filter>
    <Filter Include="QMLs\Components">
      <UniqueIdentifier>{8a91c074-fbff-4797-af57-4dc29d048fd4}</UniqueIdentifier>
    </Filter>
    <Filter Include="QMLs\Custom Items">
      <UniqueIdentifier>{f3c58929-ce38-4ad5-bdd3-04979d8397e1}</UniqueIdentifier>
    </Filter>
    <Filter Include="QMLs\Dialogs">
      <UniqueIdentifier>{a9050386-cbce-4a54-bbb1-901e8d5d6479}</UniqueIdentifier>
    </Filter>
    <Filter Include="Resource Files\Images">
      <UniqueIdentifier>{47250fb6-305e-4ce1-9942-b73239f003dc}</UniqueIdentifier>
    </Filter>
    <Filter Include="Resource Files\SVGs">
      <UniqueIdentifier>{556ce171-b95d-4614-a259-148ad55f7d2c}</UniqueIdentifier>
    </Filter>
    <Filter Include="Source Files\Complementary">
      <UniqueIdentifier>{b32f5fdd-ba76-4bfb-8570-0afb0e70ca49}</UniqueIdentifier>
    </Filter>
    <Filter Include="Source Files\Pipeline Modules">
      <UniqueIdentifier>{eb94ef2a-cb09-4019-ae81-9ff222c739da}</UniqueIdentifier>
    </Filter>
    <Filter Include="Source Files\Types">
      <UniqueIdentifier>{2bb1997d-7e2f-4dbd-b408-14b70b521a41}</UniqueIdentifier>
    </Filter>
    <Filter Include="Source Files\3rd Party">
      <UniqueIdentifier>{4b65a1f4-d3e9-4cdb-b928-06dd1567c569}</UniqueIdentifier>
    </Filter>
  </ItemGroup>
  <ItemGroup>
    <None Include="source\includes\TrafficMapper\Complementary\AcceleratedModel">
      <Filter>Header Files\Complementary</Filter>
    </None>
    <None Include="source\includes\TrafficMapper\Complementary\CameraCalibration">
      <Filter>Header Files\Complementary</Filter>
    </None>
    <None Include="source\includes\TrafficMapper\Complementary\FrameProvider">
      <Filter>Header Files\Complementary</Filter>
    </None>
    <None Include="source\includes\TrafficMapper\Complementary\VideoFilter">
      <Filter>Header Files\Complementary</Filter>
    </None>
    <None Include="source\includes\TrafficMapper\Complementary\VideoOverlay">
      <Filter>Header Files\Complementary</Filter>
    </None>
    <None Include="source\includes\TrafficMapper\Modules\GateModel">
      <Filter>Header Files\Pipeline Modules</Filter>
    </None>
    <None Include="source\includes\TrafficMapper\Modules\StatModel">
      <Filter>Header Files\Pipeline Modules</Filter>
    </None>
    <None Include="source\includes\TrafficMapper\Modules\Tracker">
      <Filter>Header Files\Pipeline Modules</Filter>
    </None>
    <None Include="source\includes\TrafficMapper\Modules\VehicleModel">
      <Filter>Header Files\Pipeline Modules</Filter>
    </None>
    <None Include="source\includes\TrafficMapper\Types\Detection">
      <Filter>Header Files\Types</Filter>
    </None>
    <None Include="source\includes\TrafficMapper\Types\Gate">
      <Filter>Header Files\Types</Filter>
    </None>
    <None Include="source\includes\TrafficMapper\Types\Types">
      <Filter>Header Files\Types</Filter>
    </None>
    <None Include="source\includes\TrafficMapper\Types\Vehicle">
      <Filter>Header Files\Types</Filter>
    </None>
    <None Include="resources\qml\Footer.qml">
      <Filter>QMLs</Filter>
    </None>
    <None Include="resources\qml\MainMenu.qml">
      <Filter>QMLs</Filter>
    </None>
    <None Include="resources\qml\MainWindow.qml">
      <Filter>QMLs</Filter>
    </None>
    <None Include="resources\qml\components\GateList.qml">
      <Filter>QMLs\Components</Filter>
    </None>
    <None Include="resources\qml\components\PlaybackOptions.qml">
      <Filter>QMLs\Components</Filter>
    </None>
    <None Include="resources\qml\components\VideoPlayer.qml">
      <Filter>QMLs\Components</Filter>
    </None>
    <None Include="resources\qml\custom-items\CustomButton.qml">
      <Filter>QMLs\Custom Items</Filter>
    </None>
    <None Include="resources\qml\custom-items\CustomItemBackground.qml">
      <Filter>QMLs\Custom Items</Filter>
    </None>
    <None Include="resources\qml\dialogs\DlgAnalyzerSettings.qml">
      <Filter>QMLs\Dialogs</Filter>
    </None>
    <None Include="resources\qml\dialogs\DlgCameraCalibration.qml">
      <Filter>QMLs\Dialogs</Filter>
    </None>
    <None Include="resources\qml\dialogs\DlgGateProperties.qml">
      <Filter>QMLs\Dialogs</Filter>
    </None>
    <None Include="resources\qml\dialogs\DlgOpenCache.qml">
      <Filter>QMLs\Dialogs</Filter>
    </None>
    <None Include="resources\qml\dialogs\DlgOpenVideo.qml">
      <Filter>QMLs\Dialogs</Filter>
    </None>
    <None Include="resources\qml\dialogs\DlgSaveCache.qml">
      <Filter>QMLs\Dialogs</Filter>
    </None>
    <None Include="resources\qml\dialogs\DlgSaveChart.qml">
      <Filter>QMLs\Dialogs</Filter>
    </None>
    <None Include="resources\qml\dialogs\DlgProgressWindow.qml">
      <Filter>QMLs\Dialogs</Filter>
    </None>
    <None Include="resources\qml\dialogs\DlgStatWindow.qml">
      <Filter>QMLs\Dialogs</Filter>
    </None>
    <None Include="resources\svg\media-pause.svg">
      <Filter>Resource Files\SVGs</Filter>
    </None>
    <None Include="resources\svg\media-play.svg">
      <Filter>Resource Files\SVGs</Filter>
    </None>
    <None Include="resources\svg\sound-mute.svg">
      <Filter>Resource Files\SVGs</Filter>
    </None>
    <None Include="resources\svg\sound-on.svg">
      <Filter>Resource Files\SVGs</Filter>
    </None>
    <None Include="cpp.hint" />
  </ItemGroup>
  <ItemGroup>
    <Image Include="resources\img\placeholder.png">
      <Filter>Resource Files\Images</Filter>
    </Image>
    <Image Include="resources\img\splash.png">
      <Filter>Resource Files\Images</Filter>
    </Image>
  </ItemGroup>
  <ItemGroup>
    <ClCompile Include="source\main.cpp">
      <Filter>Source Files</Filter>
    </ClCompile>
    <ClCompile Include="3rd-party\other\HungarianAlgorithm.cpp">
      <Filter>Source Files\3rd Party</Filter>
    </ClCompile>
    <ClCompile Include="source\complementary\AcceleratedModel.cpp">
      <Filter>Source Files\Complementary</Filter>
    </ClCompile>
    <ClCompile Include="source\complementary\CameraCalibration.cpp">
      <Filter>Source Files\Complementary</Filter>
    </ClCompile>
    <ClCompile Include="source\complementary\FrameProvider.cpp">
      <Filter>Source Files\Complementary</Filter>
    </ClCompile>
    <ClCompile Include="source\complementary\VideoFilter.cpp">
      <Filter>Source Files\Complementary</Filter>
    </ClCompile>
    <ClCompile Include="source\complementary\VideoOverlay.cpp">
      <Filter>Source Files\Complementary</Filter>
    </ClCompile>
    <ClCompile Include="source\modules\GateModel.cpp">
      <Filter>Source Files\Pipeline Modules</Filter>
    </ClCompile>
    <ClCompile Include="source\modules\StatModel.cpp">
      <Filter>Source Files\Pipeline Modules</Filter>
    </ClCompile>
    <ClCompile Include="source\modules\Tracker.cpp">
      <Filter>Source Files\Pipeline Modules</Filter>
    </ClCompile>
    <ClCompile Include="source\modules\VehicleModel.cpp">
      <Filter>Source Files\Pipeline Modules</Filter>
    </ClCompile>
    <ClCompile Include="source\types\Detection.cpp">
      <Filter>Source Files\Types</Filter>
    </ClCompile>
    <ClCompile Include="source\types\Gate.cpp">
      <Filter>Source Files\Types</Filter>
    </ClCompile>
    <ClCompile Include="source\types\Types.cpp">
      <Filter>Source Files\Types</Filter>
    </ClCompile>
    <ClCompile Include="source\types\Vehicle.cpp">
      <Filter>Source Files\Types</Filter>
    </ClCompile>
  </ItemGroup>
  <ItemGroup>
    <ClInclude Include="3rd-party\other\HungarianAlgorithm.hpp">
      <Filter>Source Files\3rd Party</Filter>
    </ClInclude>
    <ClInclude Include="source\complementary\AcceleratedModel.hpp">
      <Filter>Source Files\Complementary</Filter>
    </ClInclude>
    <ClInclude Include="source\types\Detection.hpp">
      <Filter>Source Files\Types</Filter>
    </ClInclude>
  </ItemGroup>
  <ItemGroup>
    <QtRcc Include="resources\resources.qrc">
      <Filter>Resource Files</Filter>
    </QtRcc>
  </ItemGroup>
  <ItemGroup>
    <QtMoc Include="source\types\Gate.hpp">
      <Filter>Source Files\Types</Filter>
    </QtMoc>
    <QtMoc Include="source\types\Vehicle.hpp">
      <Filter>Source Files\Types</Filter>
    </QtMoc>
    <QtMoc Include="source\modules\GateModel.hpp">
      <Filter>Source Files\Pipeline Modules</Filter>
    </QtMoc>
    <QtMoc Include="source\modules\StatModel.hpp">
      <Filter>Source Files\Pipeline Modules</Filter>
    </QtMoc>
    <QtMoc Include="source\modules\Tracker.hpp">
      <Filter>Source Files\Pipeline Modules</Filter>
    </QtMoc>
    <QtMoc Include="source\modules\VehicleModel.hpp">
      <Filter>Source Files\Pipeline Modules</Filter>
    </QtMoc>
    <QtMoc Include="source\types\Types.hpp">
      <Filter>Source Files\Types</Filter>
    </QtMoc>
    <QtMoc Include="source\complementary\CameraCalibration.hpp">
      <Filter>Source Files\Complementary</Filter>
    </QtMoc>
    <QtMoc Include="source\complementary\FrameProvider.hpp">
      <Filter>Source Files\Complementary</Filter>
    </QtMoc>
    <QtMoc Include="source\complementary\VideoFilter.hpp">
      <Filter>Source Files\Complementary</Filter>
    </QtMoc>
    <QtMoc Include="source\complementary\VideoOverlay.hpp">
      <Filter>Source Files\Complementary</Filter>
    </QtMoc>
  </ItemGroup>
</Project>